
Microsoft Visual Studio Solution File, Format Version 12.00
# Visual Studio Version 17
VisualStudioVersion = 17.4.33122.133
MinimumVisualStudioVersion = 10.0.40219.1
Project("{FAE04EC0-301F-11D3-BF4B-00C04F79EFBC}") = "Clinic", "Clinic.csproj", "{A73CEB72-5E3A-4C66-BF70-C7D5E47AA890}"
EndProject
Global
	GlobalSection(SolutionConfigurationPlatforms) = preSolution
		Debug|Any CPU = Debug|Any CPU
		Release|Any CPU = Release|Any CPU
	EndGlobalSection
	GlobalSection(ProjectConfigurationPlatforms) = postSolution
		{A73CEB72-5E3A-4C66-BF70-C7D5E47AA890}.Debug|Any CPU.ActiveCfg = Debug|Any CPU
		{A73CEB72-5E3A-4C66-BF70-C7D5E47AA890}.Debug|Any CPU.Build.0 = Debug|Any CPU
		{A73CEB72-5E3A-4C66-BF70-C7D5E47AA890}.Release|Any CPU.ActiveCfg = Release|Any CPU
		{A73CEB72-5E3A-4C66-BF70-C7D5E47AA890}.Release|Any CPU.Build.0 = Release|Any CPU
	EndGlobalSection
	GlobalSection(SolutionProperties) = preSolution
		HideSolutionNode = FALSE
	EndGlobalSection
	GlobalSection(ExtensibilityGlobals) = postSolution
		SolutionGuid = {7ABF04A0-C0A2-4646-993A-E41CB7A8A950}
	EndGlobalSection
EndGlobal
